# THIS IS AN AUTOGENERATED FILE. DO NOT EDIT THIS FILE DIRECTLY.
# yarn lockfile v1


miniprogram-computed@^0.0.6:
  version "0.0.6"
  resolved "https://registry.npmjs.org/miniprogram-computed/-/miniprogram-computed-0.0.6.tgz#c8fc83517a1394ee436838a2bb266ec4ab58da2f"

xylink-sdk@^1.0.40:
  version "1.0.42"
  resolved "https://registry.npmjs.org/xylink-sdk/-/xylink-sdk-1.0.42.tgz#eb2412d988b7e02419d93a5ba3dedb5498a216d7"
  dependencies:
    miniprogram-computed "^0.0.6"
